
Microsoft Visual Studio Solution File, Format Version 12.00
# Visual Studio 15
VisualStudioVersion = 15.0.27703.2035
MinimumVisualStudioVersion = 10.0.40219.1
Project("{2150E333-8FDC-42A3-9474-1A3956D46DE8}") = "1. Presentation Layer", "1. Presentation Layer", "{72814B26-614A-492F-A198-F2D0F3CE08D8}"
EndProject
Project("{2150E333-8FDC-42A3-9474-1A3956D46DE8}") = "2. Business Layer", "2. Business Layer", "{9D6378F0-C94E-4905-86E8-D5703CCF0858}"
EndProject
Project("{2150E333-8FDC-42A3-9474-1A3956D46DE8}") = "4. Data Layer", "4. Data Layer", "{9D3386A6-4521-428C-9418-C074956D0808}"
EndProject
Project("{2150E333-8FDC-42A3-9474-1A3956D46DE8}") = "5. Tests", "5. Tests", "{E3341E68-BAE9-4582-8F6B-0DDEBDEF5BC0}"
EndProject
Project("{FAE04EC0-301F-11D3-BF4B-00C04F79EFBC}") = "EMS.Client", "EMS.Client\EMS.Client.csproj", "{0A549C8E-FE5B-4B15-84D0-9632854CBC6B}"
EndProject
Project("{FAE04EC0-301F-11D3-BF4B-00C04F79EFBC}") = "EMS.WinForm", "EMS.WinForm\EMS.WinForm.csproj", "{746A1158-96F1-4987-882B-8374DA765A3C}"
EndProject
Project("{9A19103F-16F7-4668-BE54-9A1E7A4F7556}") = "EMS.Persistance", "EMS.Persistance\EMS.Persistance.csproj", "{4F69BC4F-1988-4F04-8E64-BB6894AE83DE}"
EndProject
Project("{9A19103F-16F7-4668-BE54-9A1E7A4F7556}") = "EMS.ApplicationCore", "EMS.ApplicationCore\EMS.ApplicationCore.csproj", "{06BD1468-D7D6-4F3C-B8A8-C156502DDC47}"
EndProject
Project("{2150E333-8FDC-42A3-9474-1A3956D46DE8}") = "3. Domain Layer", "3. Domain Layer", "{F0EA03A9-2CC1-4608-9F1B-776D3720DA34}"
EndProject
Project("{9A19103F-16F7-4668-BE54-9A1E7A4F7556}") = "EMS.Domain", "EMS.Domain\EMS.Domain.csproj", "{5B248C04-236C-48BA-A499-0F7FBCDBF4D8}"
EndProject
Project("{FAE04EC0-301F-11D3-BF4B-00C04F79EFBC}") = "EMS.WebCore", "EMS.WebCore\EMS.WebCore.csproj", "{E712CA82-4180-4A10-9255-02405D660FC7}"
EndProject
Global
	GlobalSection(SolutionConfigurationPlatforms) = preSolution
		Debug|Any CPU = Debug|Any CPU
		Release|Any CPU = Release|Any CPU
	EndGlobalSection
	GlobalSection(ProjectConfigurationPlatforms) = postSolution
		{0A549C8E-FE5B-4B15-84D0-9632854CBC6B}.Debug|Any CPU.ActiveCfg = Debug|Any CPU
		{0A549C8E-FE5B-4B15-84D0-9632854CBC6B}.Debug|Any CPU.Build.0 = Debug|Any CPU
		{0A549C8E-FE5B-4B15-84D0-9632854CBC6B}.Release|Any CPU.ActiveCfg = Release|Any CPU
		{0A549C8E-FE5B-4B15-84D0-9632854CBC6B}.Release|Any CPU.Build.0 = Release|Any CPU
		{746A1158-96F1-4987-882B-8374DA765A3C}.Debug|Any CPU.ActiveCfg = Debug|Any CPU
		{746A1158-96F1-4987-882B-8374DA765A3C}.Debug|Any CPU.Build.0 = Debug|Any CPU
		{746A1158-96F1-4987-882B-8374DA765A3C}.Release|Any CPU.ActiveCfg = Release|Any CPU
		{746A1158-96F1-4987-882B-8374DA765A3C}.Release|Any CPU.Build.0 = Release|Any CPU
		{4F69BC4F-1988-4F04-8E64-BB6894AE83DE}.Debug|Any CPU.ActiveCfg = Debug|Any CPU
		{4F69BC4F-1988-4F04-8E64-BB6894AE83DE}.Debug|Any CPU.Build.0 = Debug|Any CPU
		{4F69BC4F-1988-4F04-8E64-BB6894AE83DE}.Release|Any CPU.ActiveCfg = Release|Any CPU
		{4F69BC4F-1988-4F04-8E64-BB6894AE83DE}.Release|Any CPU.Build.0 = Release|Any CPU
		{06BD1468-D7D6-4F3C-B8A8-C156502DDC47}.Debug|Any CPU.ActiveCfg = Debug|Any CPU
		{06BD1468-D7D6-4F3C-B8A8-C156502DDC47}.Debug|Any CPU.Build.0 = Debug|Any CPU
		{06BD1468-D7D6-4F3C-B8A8-C156502DDC47}.Release|Any CPU.ActiveCfg = Release|Any CPU
		{06BD1468-D7D6-4F3C-B8A8-C156502DDC47}.Release|Any CPU.Build.0 = Release|Any CPU
		{5B248C04-236C-48BA-A499-0F7FBCDBF4D8}.Debug|Any CPU.ActiveCfg = Debug|Any CPU
		{5B248C04-236C-48BA-A499-0F7FBCDBF4D8}.Debug|Any CPU.Build.0 = Debug|Any CPU
		{5B248C04-236C-48BA-A499-0F7FBCDBF4D8}.Release|Any CPU.ActiveCfg = Release|Any CPU
		{5B248C04-236C-48BA-A499-0F7FBCDBF4D8}.Release|Any CPU.Build.0 = Release|Any CPU
		{E712CA82-4180-4A10-9255-02405D660FC7}.Debug|Any CPU.ActiveCfg = Debug|Any CPU
		{E712CA82-4180-4A10-9255-02405D660FC7}.Debug|Any CPU.Build.0 = Debug|Any CPU
		{E712CA82-4180-4A10-9255-02405D660FC7}.Release|Any CPU.ActiveCfg = Release|Any CPU
		{E712CA82-4180-4A10-9255-02405D660FC7}.Release|Any CPU.Build.0 = Release|Any CPU
	EndGlobalSection
	GlobalSection(SolutionProperties) = preSolution
		HideSolutionNode = FALSE
	EndGlobalSection
	GlobalSection(NestedProjects) = preSolution
		{0A549C8E-FE5B-4B15-84D0-9632854CBC6B} = {72814B26-614A-492F-A198-F2D0F3CE08D8}
		{746A1158-96F1-4987-882B-8374DA765A3C} = {72814B26-614A-492F-A198-F2D0F3CE08D8}
		{4F69BC4F-1988-4F04-8E64-BB6894AE83DE} = {9D3386A6-4521-428C-9418-C074956D0808}
		{06BD1468-D7D6-4F3C-B8A8-C156502DDC47} = {9D6378F0-C94E-4905-86E8-D5703CCF0858}
		{5B248C04-236C-48BA-A499-0F7FBCDBF4D8} = {F0EA03A9-2CC1-4608-9F1B-776D3720DA34}
		{E712CA82-4180-4A10-9255-02405D660FC7} = {72814B26-614A-492F-A198-F2D0F3CE08D8}
	EndGlobalSection
	GlobalSection(ExtensibilityGlobals) = postSolution
		SolutionGuid = {CCBFCF4E-DCD3-4085-95EB-DF88D8E958B7}
	EndGlobalSection
EndGlobal
