
Microsoft Visual Studio Solution File, Format Version 12.00
# Visual Studio 15
VisualStudioVersion = 15.0.27703.2035
MinimumVisualStudioVersion = 10.0.40219.1
Project("{2150E333-8FDC-42A3-9474-1A3956D46DE8}") = "1. Presentation Layer", "1. Presentation Layer", "{72814B26-614A-492F-A198-F2D0F3CE08D8}"
EndProject
Project("{2150E333-8FDC-42A3-9474-1A3956D46DE8}") = "2. Business Layer", "2. Business Layer", "{9D6378F0-C94E-4905-86E8-D5703CCF0858}"
EndProject
Project("{2150E333-8FDC-42A3-9474-1A3956D46DE8}") = "3. Data Layer", "3. Data Layer", "{9D3386A6-4521-428C-9418-C074956D0808}"
EndProject
Project("{2150E333-8FDC-42A3-9474-1A3956D46DE8}") = "4. Tests", "4. Tests", "{E3341E68-BAE9-4582-8F6B-0DDEBDEF5BC0}"
EndProject
Project("{FAE04EC0-301F-11D3-BF4B-00C04F79EFBC}") = "EMS.Core", "EMS.Core\EMS.Core.csproj", "{D20BC722-6017-457C-97F0-2DC743D600E3}"
EndProject
Project("{FAE04EC0-301F-11D3-BF4B-00C04F79EFBC}") = "EMS.Infrastructure", "EMS.Infrastructure\EMS.Infrastructure.csproj", "{A0E0EAF5-438F-4403-880F-0CFB6C77994D}"
EndProject
Project("{FAE04EC0-301F-11D3-BF4B-00C04F79EFBC}") = "EMS.Client", "EMS.Client\EMS.Client.csproj", "{0A549C8E-FE5B-4B15-84D0-9632854CBC6B}"
EndProject
Project("{FAE04EC0-301F-11D3-BF4B-00C04F79EFBC}") = "EMS.WinForm", "EMS.WinForm\EMS.WinForm.csproj", "{746A1158-96F1-4987-882B-8374DA765A3C}"
EndProject
Global
	GlobalSection(SolutionConfigurationPlatforms) = preSolution
		Debug|Any CPU = Debug|Any CPU
		Release|Any CPU = Release|Any CPU
	EndGlobalSection
	GlobalSection(ProjectConfigurationPlatforms) = postSolution
		{D20BC722-6017-457C-97F0-2DC743D600E3}.Debug|Any CPU.ActiveCfg = Debug|Any CPU
		{D20BC722-6017-457C-97F0-2DC743D600E3}.Debug|Any CPU.Build.0 = Debug|Any CPU
		{D20BC722-6017-457C-97F0-2DC743D600E3}.Release|Any CPU.ActiveCfg = Release|Any CPU
		{D20BC722-6017-457C-97F0-2DC743D600E3}.Release|Any CPU.Build.0 = Release|Any CPU
		{A0E0EAF5-438F-4403-880F-0CFB6C77994D}.Debug|Any CPU.ActiveCfg = Debug|Any CPU
		{A0E0EAF5-438F-4403-880F-0CFB6C77994D}.Debug|Any CPU.Build.0 = Debug|Any CPU
		{A0E0EAF5-438F-4403-880F-0CFB6C77994D}.Release|Any CPU.ActiveCfg = Release|Any CPU
		{A0E0EAF5-438F-4403-880F-0CFB6C77994D}.Release|Any CPU.Build.0 = Release|Any CPU
		{0A549C8E-FE5B-4B15-84D0-9632854CBC6B}.Debug|Any CPU.ActiveCfg = Debug|Any CPU
		{0A549C8E-FE5B-4B15-84D0-9632854CBC6B}.Debug|Any CPU.Build.0 = Debug|Any CPU
		{0A549C8E-FE5B-4B15-84D0-9632854CBC6B}.Release|Any CPU.ActiveCfg = Release|Any CPU
		{0A549C8E-FE5B-4B15-84D0-9632854CBC6B}.Release|Any CPU.Build.0 = Release|Any CPU
		{746A1158-96F1-4987-882B-8374DA765A3C}.Debug|Any CPU.ActiveCfg = Debug|Any CPU
		{746A1158-96F1-4987-882B-8374DA765A3C}.Debug|Any CPU.Build.0 = Debug|Any CPU
		{746A1158-96F1-4987-882B-8374DA765A3C}.Release|Any CPU.ActiveCfg = Release|Any CPU
		{746A1158-96F1-4987-882B-8374DA765A3C}.Release|Any CPU.Build.0 = Release|Any CPU
	EndGlobalSection
	GlobalSection(SolutionProperties) = preSolution
		HideSolutionNode = FALSE
	EndGlobalSection
	GlobalSection(NestedProjects) = preSolution
		{D20BC722-6017-457C-97F0-2DC743D600E3} = {9D6378F0-C94E-4905-86E8-D5703CCF0858}
		{A0E0EAF5-438F-4403-880F-0CFB6C77994D} = {9D3386A6-4521-428C-9418-C074956D0808}
		{0A549C8E-FE5B-4B15-84D0-9632854CBC6B} = {72814B26-614A-492F-A198-F2D0F3CE08D8}
		{746A1158-96F1-4987-882B-8374DA765A3C} = {72814B26-614A-492F-A198-F2D0F3CE08D8}
	EndGlobalSection
	GlobalSection(ExtensibilityGlobals) = postSolution
		SolutionGuid = {CCBFCF4E-DCD3-4085-95EB-DF88D8E958B7}
	EndGlobalSection
EndGlobal
